// !$*UTF8*$!
{
	archiveVersion = 1;
	classes = {
	};
	objectVersion = 46;
	objects = {

/* Begin PBXBuildFile section */
		4B2C3AE317E98DF9005CDD7A /* LoginView.xib in Resources */ = {isa = PBXBuildFile; fileRef = 4B2C3AE217E98DF9005CDD7A /* LoginView.xib */; };
		4B37326D17E836A300B7003E /* UIKit.framework in Frameworks */ = {isa = PBXBuildFile; fileRef = 4B37326C17E836A300B7003E /* UIKit.framework */; };
		4B37326F17E836A300B7003E /* Foundation.framework in Frameworks */ = {isa = PBXBuildFile; fileRef = 4B37326E17E836A300B7003E /* Foundation.framework */; };
		4B37327117E836A300B7003E /* CoreGraphics.framework in Frameworks */ = {isa = PBXBuildFile; fileRef = 4B37327017E836A300B7003E /* CoreGraphics.framework */; };
		4B37327717E836A300B7003E /* InfoPlist.strings in Resources */ = {isa = PBXBuildFile; fileRef = 4B37327517E836A300B7003E /* InfoPlist.strings */; };
		4B37327917E836A300B7003E /* main.m in Sources */ = {isa = PBXBuildFile; fileRef = 4B37327817E836A300B7003E /* main.m */; };
		4B37327D17E836A300B7003E /* AppDelegate.m in Sources */ = {isa = PBXBuildFile; fileRef = 4B37327C17E836A300B7003E /* AppDelegate.m */; };
		4B37327F17E836A300B7003E /* Default.png in Resources */ = {isa = PBXBuildFile; fileRef = 4B37327E17E836A300B7003E /* Default.png */; };
		4B37328117E836A300B7003E /* Default@2x.png in Resources */ = {isa = PBXBuildFile; fileRef = 4B37328017E836A300B7003E /* Default@2x.png */; };
		4B37328317E836A300B7003E /* Default-568h@2x.png in Resources */ = {isa = PBXBuildFile; fileRef = 4B37328217E836A300B7003E /* Default-568h@2x.png */; };
		4B37328617E836A300B7003E /* MainStoryboard.storyboard in Resources */ = {isa = PBXBuildFile; fileRef = 4B37328417E836A300B7003E /* MainStoryboard.storyboard */; };
		4B37328917E836A300B7003E /* LoginViewController.m in Sources */ = {isa = PBXBuildFile; fileRef = 4B37328817E836A300B7003E /* LoginViewController.m */; };
		4B68F1E717EC155600E6A02F /* HomeViewController.m in Sources */ = {isa = PBXBuildFile; fileRef = 4B68F1E517EC155600E6A02F /* HomeViewController.m */; };
		4B68F1E817EC155600E6A02F /* HomeViewController.xib in Resources */ = {isa = PBXBuildFile; fileRef = 4B68F1E617EC155600E6A02F /* HomeViewController.xib */; };
		4B68F1EB17EC15ED00E6A02F /* NearbyViewController.m in Sources */ = {isa = PBXBuildFile; fileRef = 4B68F1EA17EC15ED00E6A02F /* NearbyViewController.m */; };
		4B68F1EE17EC15FA00E6A02F /* TeammatesViewController.m in Sources */ = {isa = PBXBuildFile; fileRef = 4B68F1ED17EC15FA00E6A02F /* TeammatesViewController.m */; };
		4B68F1F117EC162500E6A02F /* NoticeViewController.m in Sources */ = {isa = PBXBuildFile; fileRef = 4B68F1F017EC162500E6A02F /* NoticeViewController.m */; };
		4B68F1F417EC163100E6A02F /* MyViewController.m in Sources */ = {isa = PBXBuildFile; fileRef = 4B68F1F317EC163100E6A02F /* MyViewController.m */; };
		4B9B97AC17E9410B006F64AC /* teamSybol.jpg in Resources */ = {isa = PBXBuildFile; fileRef = 4B9B97AB17E9410B006F64AC /* teamSybol.jpg */; };
		4B9B97B317E9490D006F64AC /* LoginView.m in Sources */ = {isa = PBXBuildFile; fileRef = 4B9B97B217E9490D006F64AC /* LoginView.m */; };
		4BBAAF1317EC224D00331797 /* PropDetailOfTeamView.m in Sources */ = {isa = PBXBuildFile; fileRef = 4BBAAF1217EC224D00331797 /* PropDetailOfTeamView.m */; };
		4BBAAF2017ECBA4D00331797 /* TeamVSView.m in Sources */ = {isa = PBXBuildFile; fileRef = 4BBAAF1F17ECBA4D00331797 /* TeamVSView.m */; };
		4BBAAF2717ED555300331797 /* TeamMatesView.m in Sources */ = {isa = PBXBuildFile; fileRef = 4BBAAF2617ED555300331797 /* TeamMatesView.m */; };
		4BF500C517E83DB4001DD694 /* TeamInfoCell.m in Sources */ = {isa = PBXBuildFile; fileRef = 4BF500C417E83DB4001DD694 /* TeamInfoCell.m */; };
		4BF500C717E83E39001DD694 /* TeamInfoCell.xib in Resources */ = {isa = PBXBuildFile; fileRef = 4BF500C617E83E39001DD694 /* TeamInfoCell.xib */; };
/* End PBXBuildFile section */

/* Begin PBXFileReference section */
		4B2C3AE217E98DF9005CDD7A /* LoginView.xib */ = {isa = PBXFileReference; fileEncoding = 4; lastKnownFileType = file.xib; path = LoginView.xib; sourceTree = "<group>"; };
		4B37326917E836A300B7003E /* BasketballAlliance.app */ = {isa = PBXFileReference; explicitFileType = wrapper.application; includeInIndex = 0; path = BasketballAlliance.app; sourceTree = BUILT_PRODUCTS_DIR; };
		4B37326C17E836A300B7003E /* UIKit.framework */ = {isa = PBXFileReference; lastKnownFileType = wrapper.framework; name = UIKit.framework; path = System/Library/Frameworks/UIKit.framework; sourceTree = SDKROOT; };
		4B37326E17E836A300B7003E /* Foundation.framework */ = {isa = PBXFileReference; lastKnownFileType = wrapper.framework; name = Foundation.framework; path = System/Library/Frameworks/Foundation.framework; sourceTree = SDKROOT; };
		4B37327017E836A300B7003E /* CoreGraphics.framework */ = {isa = PBXFileReference; lastKnownFileType = wrapper.framework; name = CoreGraphics.framework; path = System/Library/Frameworks/CoreGraphics.framework; sourceTree = SDKROOT; };
		4B37327417E836A300B7003E /* BasketballAlliance-Info.plist */ = {isa = PBXFileReference; lastKnownFileType = text.plist.xml; path = "BasketballAlliance-Info.plist"; sourceTree = "<group>"; };
		4B37327617E836A300B7003E /* en */ = {isa = PBXFileReference; lastKnownFileType = text.plist.strings; name = en; path = en.lproj/InfoPlist.strings; sourceTree = "<group>"; };
		4B37327817E836A300B7003E /* main.m */ = {isa = PBXFileReference; lastKnownFileType = sourcecode.c.objc; path = main.m; sourceTree = "<group>"; };
		4B37327A17E836A300B7003E /* BasketballAlliance-Prefix.pch */ = {isa = PBXFileReference; lastKnownFileType = sourcecode.c.h; path = "BasketballAlliance-Prefix.pch"; sourceTree = "<group>"; };
		4B37327B17E836A300B7003E /* AppDelegate.h */ = {isa = PBXFileReference; lastKnownFileType = sourcecode.c.h; path = AppDelegate.h; sourceTree = "<group>"; };
		4B37327C17E836A300B7003E /* AppDelegate.m */ = {isa = PBXFileReference; lastKnownFileType = sourcecode.c.objc; path = AppDelegate.m; sourceTree = "<group>"; };
		4B37327E17E836A300B7003E /* Default.png */ = {isa = PBXFileReference; lastKnownFileType = image.png; path = Default.png; sourceTree = "<group>"; };
		4B37328017E836A300B7003E /* Default@2x.png */ = {isa = PBXFileReference; lastKnownFileType = image.png; path = "Default@2x.png"; sourceTree = "<group>"; };
		4B37328217E836A300B7003E /* Default-568h@2x.png */ = {isa = PBXFileReference; lastKnownFileType = image.png; path = "Default-568h@2x.png"; sourceTree = "<group>"; };
		4B37328517E836A300B7003E /* en */ = {isa = PBXFileReference; lastKnownFileType = file.storyboard; name = en; path = en.lproj/MainStoryboard.storyboard; sourceTree = "<group>"; };
		4B37328717E836A300B7003E /* LoginViewController.h */ = {isa = PBXFileReference; lastKnownFileType = sourcecode.c.h; path = LoginViewController.h; sourceTree = "<group>"; };
		4B37328817E836A300B7003E /* LoginViewController.m */ = {isa = PBXFileReference; lastKnownFileType = sourcecode.c.objc; path = LoginViewController.m; sourceTree = "<group>"; };
		4B68F1E417EC155500E6A02F /* HomeViewController.h */ = {isa = PBXFileReference; fileEncoding = 4; lastKnownFileType = sourcecode.c.h; path = HomeViewController.h; sourceTree = "<group>"; };
		4B68F1E517EC155600E6A02F /* HomeViewController.m */ = {isa = PBXFileReference; fileEncoding = 4; lastKnownFileType = sourcecode.c.objc; path = HomeViewController.m; sourceTree = "<group>"; };
		4B68F1E617EC155600E6A02F /* HomeViewController.xib */ = {isa = PBXFileReference; fileEncoding = 4; lastKnownFileType = file.xib; path = HomeViewController.xib; sourceTree = "<group>"; };
		4B68F1E917EC15ED00E6A02F /* NearbyViewController.h */ = {isa = PBXFileReference; fileEncoding = 4; lastKnownFileType = sourcecode.c.h; path = NearbyViewController.h; sourceTree = "<group>"; };
		4B68F1EA17EC15ED00E6A02F /* NearbyViewController.m */ = {isa = PBXFileReference; fileEncoding = 4; lastKnownFileType = sourcecode.c.objc; path = NearbyViewController.m; sourceTree = "<group>"; };
		4B68F1EC17EC15FA00E6A02F /* TeammatesViewController.h */ = {isa = PBXFileReference; fileEncoding = 4; lastKnownFileType = sourcecode.c.h; path = TeammatesViewController.h; sourceTree = "<group>"; };
		4B68F1ED17EC15FA00E6A02F /* TeammatesViewController.m */ = {isa = PBXFileReference; fileEncoding = 4; lastKnownFileType = sourcecode.c.objc; path = TeammatesViewController.m; sourceTree = "<group>"; };
		4B68F1EF17EC162500E6A02F /* NoticeViewController.h */ = {isa = PBXFileReference; fileEncoding = 4; lastKnownFileType = sourcecode.c.h; path = NoticeViewController.h; sourceTree = "<group>"; };
		4B68F1F017EC162500E6A02F /* NoticeViewController.m */ = {isa = PBXFileReference; fileEncoding = 4; lastKnownFileType = sourcecode.c.objc; path = NoticeViewController.m; sourceTree = "<group>"; };
		4B68F1F217EC163100E6A02F /* MyViewController.h */ = {isa = PBXFileReference; fileEncoding = 4; lastKnownFileType = sourcecode.c.h; path = MyViewController.h; sourceTree = "<group>"; };
		4B68F1F317EC163100E6A02F /* MyViewController.m */ = {isa = PBXFileReference; fileEncoding = 4; lastKnownFileType = sourcecode.c.objc; path = MyViewController.m; sourceTree = "<group>"; };
		4B9B97AB17E9410B006F64AC /* teamSybol.jpg */ = {isa = PBXFileReference; lastKnownFileType = image.jpeg; path = teamSybol.jpg; sourceTree = "<group>"; };
		4B9B97B117E9490D006F64AC /* LoginView.h */ = {isa = PBXFileReference; fileEncoding = 4; lastKnownFileType = sourcecode.c.h; path = LoginView.h; sourceTree = "<group>"; };
		4B9B97B217E9490D006F64AC /* LoginView.m */ = {isa = PBXFileReference; fileEncoding = 4; lastKnownFileType = sourcecode.c.objc; path = LoginView.m; sourceTree = "<group>"; };
		4BBAAF1117EC224D00331797 /* PropDetailOfTeamView.h */ = {isa = PBXFileReference; fileEncoding = 4; lastKnownFileType = sourcecode.c.h; path = PropDetailOfTeamView.h; sourceTree = "<group>"; };
		4BBAAF1217EC224D00331797 /* PropDetailOfTeamView.m */ = {isa = PBXFileReference; fileEncoding = 4; lastKnownFileType = sourcecode.c.objc; path = PropDetailOfTeamView.m; sourceTree = "<group>"; };
		4BBAAF1E17ECBA4C00331797 /* TeamVSView.h */ = {isa = PBXFileReference; fileEncoding = 4; lastKnownFileType = sourcecode.c.h; path = TeamVSView.h; sourceTree = "<group>"; };
		4BBAAF1F17ECBA4D00331797 /* TeamVSView.m */ = {isa = PBXFileReference; fileEncoding = 4; lastKnownFileType = sourcecode.c.objc; path = TeamVSView.m; sourceTree = "<group>"; };
		4BBAAF2517ED555300331797 /* TeamMatesView.h */ = {isa = PBXFileReference; fileEncoding = 4; lastKnownFileType = sourcecode.c.h; path = TeamMatesView.h; sourceTree = "<group>"; };
		4BBAAF2617ED555300331797 /* TeamMatesView.m */ = {isa = PBXFileReference; fileEncoding = 4; lastKnownFileType = sourcecode.c.objc; path = TeamMatesView.m; sourceTree = "<group>"; };
		4BF500C317E83DB4001DD694 /* TeamInfoCell.h */ = {isa = PBXFileReference; fileEncoding = 4; lastKnownFileType = sourcecode.c.h; path = TeamInfoCell.h; sourceTree = "<group>"; };
		4BF500C417E83DB4001DD694 /* TeamInfoCell.m */ = {isa = PBXFileReference; fileEncoding = 4; lastKnownFileType = sourcecode.c.objc; path = TeamInfoCell.m; sourceTree = "<group>"; };
		4BF500C617E83E39001DD694 /* TeamInfoCell.xib */ = {isa = PBXFileReference; fileEncoding = 4; lastKnownFileType = file.xib; path = TeamInfoCell.xib; sourceTree = "<group>"; };
/* End PBXFileReference section */

/* Begin PBXFrameworksBuildPhase section */
		4B37326617E836A300B7003E /* Frameworks */ = {
			isa = PBXFrameworksBuildPhase;
			buildActionMask = 2147483647;
			files = (
				4B37326D17E836A300B7003E /* UIKit.framework in Frameworks */,
				4B37326F17E836A300B7003E /* Foundation.framework in Frameworks */,
				4B37327117E836A300B7003E /* CoreGraphics.framework in Frameworks */,
			);
			runOnlyForDeploymentPostprocessing = 0;
		};
/* End PBXFrameworksBuildPhase section */

/* Begin PBXGroup section */
		4B37326017E836A300B7003E = {
			isa = PBXGroup;
			children = (
				4B37327217E836A300B7003E /* BasketballAlliance */,
				4B37326B17E836A300B7003E /* Frameworks */,
				4B37326A17E836A300B7003E /* Products */,
			);
			sourceTree = "<group>";
		};
		4B37326A17E836A300B7003E /* Products */ = {
			isa = PBXGroup;
			children = (
				4B37326917E836A300B7003E /* BasketballAlliance.app */,
			);
			name = Products;
			sourceTree = "<group>";
		};
		4B37326B17E836A300B7003E /* Frameworks */ = {
			isa = PBXGroup;
			children = (
				4B37326C17E836A300B7003E /* UIKit.framework */,
				4B37326E17E836A300B7003E /* Foundation.framework */,
				4B37327017E836A300B7003E /* CoreGraphics.framework */,
			);
			name = Frameworks;
			sourceTree = "<group>";
		};
		4B37327217E836A300B7003E /* BasketballAlliance */ = {
			isa = PBXGroup;
			children = (
				4BF500C217E83D85001DD694 /* Images */,
				4BF500C117E83D7E001DD694 /* Models */,
				4BF500C017E83D78001DD694 /* Views */,
				4BF500BF17E83D6C001DD694 /* Controllers */,
				4B37327B17E836A300B7003E /* AppDelegate.h */,
				4B37327C17E836A300B7003E /* AppDelegate.m */,
				4B37328417E836A300B7003E /* MainStoryboard.storyboard */,
				4B37327317E836A300B7003E /* Supporting Files */,
			);
			path = BasketballAlliance;
			sourceTree = "<group>";
		};
		4B37327317E836A300B7003E /* Supporting Files */ = {
			isa = PBXGroup;
			children = (
				4B37327417E836A300B7003E /* BasketballAlliance-Info.plist */,
				4B37327517E836A300B7003E /* InfoPlist.strings */,
				4B9B97AB17E9410B006F64AC /* teamSybol.jpg */,
				4B37327817E836A300B7003E /* main.m */,
				4B37327A17E836A300B7003E /* BasketballAlliance-Prefix.pch */,
				4B37327E17E836A300B7003E /* Default.png */,
				4B37328017E836A300B7003E /* Default@2x.png */,
				4B37328217E836A300B7003E /* Default-568h@2x.png */,
			);
			name = "Supporting Files";
			sourceTree = "<group>";
		};
		4BF500BF17E83D6C001DD694 /* Controllers */ = {
			isa = PBXGroup;
			children = (
				4B37328717E836A300B7003E /* LoginViewController.h */,
				4B37328817E836A300B7003E /* LoginViewController.m */,
				4B68F1E417EC155500E6A02F /* HomeViewController.h */,
				4B68F1E517EC155600E6A02F /* HomeViewController.m */,
				4B68F1E617EC155600E6A02F /* HomeViewController.xib */,
				4B68F1E917EC15ED00E6A02F /* NearbyViewController.h */,
				4B68F1EA17EC15ED00E6A02F /* NearbyViewController.m */,
				4B68F1EC17EC15FA00E6A02F /* TeammatesViewController.h */,
				4B68F1ED17EC15FA00E6A02F /* TeammatesViewController.m */,
				4B68F1EF17EC162500E6A02F /* NoticeViewController.h */,
				4B68F1F017EC162500E6A02F /* NoticeViewController.m */,
				4B68F1F217EC163100E6A02F /* MyViewController.h */,
				4B68F1F317EC163100E6A02F /* MyViewController.m */,
			);
			name = Controllers;
			sourceTree = "<group>";
		};
		4BF500C017E83D78001DD694 /* Views */ = {
			isa = PBXGroup;
			children = (
				4BF500C317E83DB4001DD694 /* TeamInfoCell.h */,
				4BF500C417E83DB4001DD694 /* TeamInfoCell.m */,
				4BF500C617E83E39001DD694 /* TeamInfoCell.xib */,
				4B9B97B117E9490D006F64AC /* LoginView.h */,
				4B9B97B217E9490D006F64AC /* LoginView.m */,
				4B2C3AE217E98DF9005CDD7A /* LoginView.xib */,
				4BBAAF1117EC224D00331797 /* PropDetailOfTeamView.h */,
				4BBAAF1217EC224D00331797 /* PropDetailOfTeamView.m */,
				4BBAAF1E17ECBA4C00331797 /* TeamVSView.h */,
				4BBAAF1F17ECBA4D00331797 /* TeamVSView.m */,
				4BBAAF2517ED555300331797 /* TeamMatesView.h */,
				4BBAAF2617ED555300331797 /* TeamMatesView.m */,
			);
			name = Views;
			sourceTree = "<group>";
		};
		4BF500C117E83D7E001DD694 /* Models */ = {
			isa = PBXGroup;
			children = (
			);
			name = Models;
			sourceTree = "<group>";
		};
		4BF500C217E83D85001DD694 /* Images */ = {
			isa = PBXGroup;
			children = (
			);
			name = Images;
			sourceTree = "<group>";
		};
/* End PBXGroup section */

/* Begin PBXNativeTarget section */
		4B37326817E836A300B7003E /* BasketballAlliance */ = {
			isa = PBXNativeTarget;
			buildConfigurationList = 4B37328C17E836A300B7003E /* Build configuration list for PBXNativeTarget "BasketballAlliance" */;
			buildPhases = (
				4B37326517E836A300B7003E /* Sources */,
				4B37326617E836A300B7003E /* Frameworks */,
				4B37326717E836A300B7003E /* Resources */,
			);
			buildRules = (
			);
			dependencies = (
			);
			name = BasketballAlliance;
			productName = BasketballAlliance;
			productReference = 4B37326917E836A300B7003E /* BasketballAlliance.app */;
			productType = "com.apple.product-type.application";
		};
/* End PBXNativeTarget section */

/* Begin PBXProject section */
		4B37326117E836A300B7003E /* Project object */ = {
			isa = PBXProject;
			attributes = {
				LastUpgradeCheck = 0460;
				ORGANIZATIONNAME = "Anjuke Inc.";
			};
			buildConfigurationList = 4B37326417E836A300B7003E /* Build configuration list for PBXProject "BasketballAlliance" */;
			compatibilityVersion = "Xcode 3.2";
			developmentRegion = English;
			hasScannedForEncodings = 0;
			knownRegions = (
				en,
			);
			mainGroup = 4B37326017E836A300B7003E;
			productRefGroup = 4B37326A17E836A300B7003E /* Products */;
			projectDirPath = "";
			projectRoot = "";
			targets = (
				4B37326817E836A300B7003E /* BasketballAlliance */,
			);
		};
/* End PBXProject section */

/* Begin PBXResourcesBuildPhase section */
		4B37326717E836A300B7003E /* Resources */ = {
			isa = PBXResourcesBuildPhase;
			buildActionMask = 2147483647;
			files = (
				4B37327717E836A300B7003E /* InfoPlist.strings in Resources */,
				4B37327F17E836A300B7003E /* Default.png in Resources */,
				4B37328117E836A300B7003E /* Default@2x.png in Resources */,
				4B37328317E836A300B7003E /* Default-568h@2x.png in Resources */,
				4B37328617E836A300B7003E /* MainStoryboard.storyboard in Resources */,
				4BF500C717E83E39001DD694 /* TeamInfoCell.xib in Resources */,
				4B9B97AC17E9410B006F64AC /* teamSybol.jpg in Resources */,
				4B2C3AE317E98DF9005CDD7A /* LoginView.xib in Resources */,
				4B68F1E817EC155600E6A02F /* HomeViewController.xib in Resources */,
			);
			runOnlyForDeploymentPostprocessing = 0;
		};
/* End PBXResourcesBuildPhase section */

/* Begin PBXSourcesBuildPhase section */
		4B37326517E836A300B7003E /* Sources */ = {
			isa = PBXSourcesBuildPhase;
			buildActionMask = 2147483647;
			files = (
				4B37327917E836A300B7003E /* main.m in Sources */,
				4B37327D17E836A300B7003E /* AppDelegate.m in Sources */,
				4B37328917E836A300B7003E /* LoginViewController.m in Sources */,
				4BF500C517E83DB4001DD694 /* TeamInfoCell.m in Sources */,
				4B9B97B317E9490D006F64AC /* LoginView.m in Sources */,
				4B68F1E717EC155600E6A02F /* HomeViewController.m in Sources */,
				4B68F1EB17EC15ED00E6A02F /* NearbyViewController.m in Sources */,
				4B68F1EE17EC15FA00E6A02F /* TeammatesViewController.m in Sources */,
				4B68F1F117EC162500E6A02F /* NoticeViewController.m in Sources */,
				4B68F1F417EC163100E6A02F /* MyViewController.m in Sources */,
				4BBAAF1317EC224D00331797 /* PropDetailOfTeamView.m in Sources */,
				4BBAAF2017ECBA4D00331797 /* TeamVSView.m in Sources */,
				4BBAAF2717ED555300331797 /* TeamMatesView.m in Sources */,
			);
			runOnlyForDeploymentPostprocessing = 0;
		};
/* End PBXSourcesBuildPhase section */

/* Begin PBXVariantGroup section */
		4B37327517E836A300B7003E /* InfoPlist.strings */ = {
			isa = PBXVariantGroup;
			children = (
				4B37327617E836A300B7003E /* en */,
			);
			name = InfoPlist.strings;
			sourceTree = "<group>";
		};
		4B37328417E836A300B7003E /* MainStoryboard.storyboard */ = {
			isa = PBXVariantGroup;
			children = (
				4B37328517E836A300B7003E /* en */,
			);
			name = MainStoryboard.storyboard;
			sourceTree = "<group>";
		};
/* End PBXVariantGroup section */

/* Begin XCBuildConfiguration section */
		4B37328A17E836A300B7003E /* Debug */ = {
			isa = XCBuildConfiguration;
			buildSettings = {
				ALWAYS_SEARCH_USER_PATHS = NO;
				CLANG_CXX_LANGUAGE_STANDARD = "gnu++0x";
				CLANG_CXX_LIBRARY = "libc++";
				CLANG_ENABLE_OBJC_ARC = YES;
				CLANG_WARN_CONSTANT_CONVERSION = YES;
				CLANG_WARN_EMPTY_BODY = YES;
				CLANG_WARN_ENUM_CONVERSION = YES;
				CLANG_WARN_INT_CONVERSION = YES;
				CLANG_WARN__DUPLICATE_METHOD_MATCH = YES;
				"CODE_SIGN_IDENTITY[sdk=iphoneos*]" = "iPhone Developer";
				COPY_PHASE_STRIP = NO;
				GCC_C_LANGUAGE_STANDARD = gnu99;
				GCC_DYNAMIC_NO_PIC = NO;
				GCC_OPTIMIZATION_LEVEL = 0;
				GCC_PREPROCESSOR_DEFINITIONS = (
					"DEBUG=1",
					"$(inherited)",
				);
				GCC_SYMBOLS_PRIVATE_EXTERN = NO;
				GCC_WARN_ABOUT_RETURN_TYPE = YES;
				GCC_WARN_UNINITIALIZED_AUTOS = YES;
				GCC_WARN_UNUSED_VARIABLE = YES;
				IPHONEOS_DEPLOYMENT_TARGET = 6.1;
				ONLY_ACTIVE_ARCH = YES;
				SDKROOT = iphoneos;
			};
			name = Debug;
		};
		4B37328B17E836A300B7003E /* Release */ = {
			isa = XCBuildConfiguration;
			buildSettings = {
				ALWAYS_SEARCH_USER_PATHS = NO;
				CLANG_CXX_LANGUAGE_STANDARD = "gnu++0x";
				CLANG_CXX_LIBRARY = "libc++";
				CLANG_ENABLE_OBJC_ARC = YES;
				CLANG_WARN_CONSTANT_CONVERSION = YES;
				CLANG_WARN_EMPTY_BODY = YES;
				CLANG_WARN_ENUM_CONVERSION = YES;
				CLANG_WARN_INT_CONVERSION = YES;
				CLANG_WARN__DUPLICATE_METHOD_MATCH = YES;
				"CODE_SIGN_IDENTITY[sdk=iphoneos*]" = "iPhone Developer";
				COPY_PHASE_STRIP = YES;
				GCC_C_LANGUAGE_STANDARD = gnu99;
				GCC_WARN_ABOUT_RETURN_TYPE = YES;
				GCC_WARN_UNINITIALIZED_AUTOS = YES;
				GCC_WARN_UNUSED_VARIABLE = YES;
				IPHONEOS_DEPLOYMENT_TARGET = 6.1;
				OTHER_CFLAGS = "-DNS_BLOCK_ASSERTIONS=1";
				SDKROOT = iphoneos;
				VALIDATE_PRODUCT = YES;
			};
			name = Release;
		};
		4B37328D17E836A300B7003E /* Debug */ = {
			isa = XCBuildConfiguration;
			buildSettings = {
				GCC_PRECOMPILE_PREFIX_HEADER = YES;
				GCC_PREFIX_HEADER = "BasketballAlliance/BasketballAlliance-Prefix.pch";
				INFOPLIST_FILE = "BasketballAlliance/BasketballAlliance-Info.plist";
				PRODUCT_NAME = "$(TARGET_NAME)";
				WRAPPER_EXTENSION = app;
			};
			name = Debug;
		};
		4B37328E17E836A300B7003E /* Release */ = {
			isa = XCBuildConfiguration;
			buildSettings = {
				GCC_PRECOMPILE_PREFIX_HEADER = YES;
				GCC_PREFIX_HEADER = "BasketballAlliance/BasketballAlliance-Prefix.pch";
				INFOPLIST_FILE = "BasketballAlliance/BasketballAlliance-Info.plist";
				PRODUCT_NAME = "$(TARGET_NAME)";
				WRAPPER_EXTENSION = app;
			};
			name = Release;
		};
/* End XCBuildConfiguration section */

/* Begin XCConfigurationList section */
		4B37326417E836A300B7003E /* Build configuration list for PBXProject "BasketballAlliance" */ = {
			isa = XCConfigurationList;
			buildConfigurations = (
				4B37328A17E836A300B7003E /* Debug */,
				4B37328B17E836A300B7003E /* Release */,
			);
			defaultConfigurationIsVisible = 0;
			defaultConfigurationName = Release;
		};
		4B37328C17E836A300B7003E /* Build configuration list for PBXNativeTarget "BasketballAlliance" */ = {
			isa = XCConfigurationList;
			buildConfigurations = (
				4B37328D17E836A300B7003E /* Debug */,
				4B37328E17E836A300B7003E /* Release */,
			);
			defaultConfigurationIsVisible = 0;
			defaultConfigurationName = Release;
		};
/* End XCConfigurationList section */
	};
	rootObject = 4B37326117E836A300B7003E /* Project object */;
}
